// !$*UTF8*$!
{
	archiveVersion = 1;
	classes = {
	};
	objectVersion = 50;
	objects = {

/* Begin PBXBuildFile section */
		870EA55925F72D7400B9E913 /* ImageController.swift in Sources */ = {isa = PBXBuildFile; fileRef = 870EA55825F72D7400B9E913 /* ImageController.swift */; };
		870F2C2425E99B3900FC14C7 /* BracketController.swift in Sources */ = {isa = PBXBuildFile; fileRef = 870F2C1D25E99B3900FC14C7 /* BracketController.swift */; };
		870F2C2525E99B3900FC14C7 /* stream_files in Resources */ = {isa = PBXBuildFile; fileRef = 870F2C1E25E99B3900FC14C7 /* stream_files */; };
		870F2C2625E99B3900FC14C7 /* Mac_Scoreboard.xcdatamodeld in Sources */ = {isa = PBXBuildFile; fileRef = 870F2C1F25E99B3900FC14C7 /* Mac_Scoreboard.xcdatamodeld */; };
		870F2C2725E99B3900FC14C7 /* RoundController.swift in Sources */ = {isa = PBXBuildFile; fileRef = 870F2C2125E99B3900FC14C7 /* RoundController.swift */; };
		870F2C2825E99B3900FC14C7 /* AddViewController.swift in Sources */ = {isa = PBXBuildFile; fileRef = 870F2C2225E99B3900FC14C7 /* AddViewController.swift */; };
		870F2C3425E9A03400FC14C7 /* MainViewController.swift in Sources */ = {isa = PBXBuildFile; fileRef = 870F2C3325E9A03400FC14C7 /* MainViewController.swift */; };
		874A4936286D43CE004576C4 /* RemoveViewController.swift in Sources */ = {isa = PBXBuildFile; fileRef = 874A4935286D4144004576C4 /* RemoveViewController.swift */; };
		87778FB62613A7E70066C9F5 /* OptionsController.swift in Sources */ = {isa = PBXBuildFile; fileRef = 87778FB52613A7E70066C9F5 /* OptionsController.swift */; };
		87840C1825E9998E007D5FD5 /* AppDelegate.swift in Sources */ = {isa = PBXBuildFile; fileRef = 87840C1725E9998E007D5FD5 /* AppDelegate.swift */; };
		87840C1D25E9998E007D5FD5 /* Mac_Scoreboard.xcdatamodeld in Sources */ = {isa = PBXBuildFile; fileRef = 87840C1B25E9998E007D5FD5 /* Mac_Scoreboard.xcdatamodeld */; };
		87840C1F25E9998E007D5FD5 /* Assets.xcassets in Resources */ = {isa = PBXBuildFile; fileRef = 87840C1E25E9998E007D5FD5 /* Assets.xcassets */; };
		87840C2225E9998E007D5FD5 /* Main.storyboard in Resources */ = {isa = PBXBuildFile; fileRef = 87840C2025E9998E007D5FD5 /* Main.storyboard */; };
		87840C2E25E9998E007D5FD5 /* Mac_ScoreboardTests.swift in Sources */ = {isa = PBXBuildFile; fileRef = 87840C2D25E9998E007D5FD5 /* Mac_ScoreboardTests.swift */; };
		87840C3925E9998E007D5FD5 /* Mac_ScoreboardUITests.swift in Sources */ = {isa = PBXBuildFile; fileRef = 87840C3825E9998E007D5FD5 /* Mac_ScoreboardUITests.swift */; };
		87ACEBD9260AE0EB001A88ED /* SponsorController.swift in Sources */ = {isa = PBXBuildFile; fileRef = 87ACEBD8260AE0EB001A88ED /* SponsorController.swift */; };
/* End PBXBuildFile section */

/* Begin PBXContainerItemProxy section */
		87840C2A25E9998E007D5FD5 /* PBXContainerItemProxy */ = {
			isa = PBXContainerItemProxy;
			containerPortal = 87840C0C25E9998E007D5FD5 /* Project object */;
			proxyType = 1;
			remoteGlobalIDString = 87840C1325E9998E007D5FD5;
			remoteInfo = "Mac Scoreboard";
		};
		87840C3525E9998E007D5FD5 /* PBXContainerItemProxy */ = {
			isa = PBXContainerItemProxy;
			containerPortal = 87840C0C25E9998E007D5FD5 /* Project object */;
			proxyType = 1;
			remoteGlobalIDString = 87840C1325E9998E007D5FD5;
			remoteInfo = "Mac Scoreboard";
		};
/* End PBXContainerItemProxy section */

/* Begin PBXFileReference section */
		870EA55825F72D7400B9E913 /* ImageController.swift */ = {isa = PBXFileReference; lastKnownFileType = sourcecode.swift; path = ImageController.swift; sourceTree = "<group>"; };
		870F2C1D25E99B3900FC14C7 /* BracketController.swift */ = {isa = PBXFileReference; fileEncoding = 4; lastKnownFileType = sourcecode.swift; path = BracketController.swift; sourceTree = "<group>"; };
		870F2C1E25E99B3900FC14C7 /* stream_files */ = {isa = PBXFileReference; lastKnownFileType = folder; path = stream_files; sourceTree = "<group>"; };
		870F2C2025E99B3900FC14C7 /* model.xcdatamodel */ = {isa = PBXFileReference; lastKnownFileType = wrapper.xcdatamodel; path = model.xcdatamodel; sourceTree = "<group>"; };
		870F2C2125E99B3900FC14C7 /* RoundController.swift */ = {isa = PBXFileReference; fileEncoding = 4; lastKnownFileType = sourcecode.swift; path = RoundController.swift; sourceTree = "<group>"; };
		870F2C2225E99B3900FC14C7 /* AddViewController.swift */ = {isa = PBXFileReference; fileEncoding = 4; lastKnownFileType = sourcecode.swift; path = AddViewController.swift; sourceTree = "<group>"; };
		870F2C3325E9A03400FC14C7 /* MainViewController.swift */ = {isa = PBXFileReference; fileEncoding = 4; lastKnownFileType = sourcecode.swift; path = MainViewController.swift; sourceTree = "<group>"; };
		874A4935286D4144004576C4 /* RemoveViewController.swift */ = {isa = PBXFileReference; lastKnownFileType = sourcecode.swift; path = RemoveViewController.swift; sourceTree = "<group>"; };
		87778FB52613A7E70066C9F5 /* OptionsController.swift */ = {isa = PBXFileReference; lastKnownFileType = sourcecode.swift; path = OptionsController.swift; sourceTree = "<group>"; };
		87840C1425E9998E007D5FD5 /* SU Scoreboard Mac.app */ = {isa = PBXFileReference; explicitFileType = wrapper.application; includeInIndex = 0; path = "SU Scoreboard Mac.app"; sourceTree = BUILT_PRODUCTS_DIR; };
		87840C1725E9998E007D5FD5 /* AppDelegate.swift */ = {isa = PBXFileReference; lastKnownFileType = sourcecode.swift; path = AppDelegate.swift; sourceTree = "<group>"; };
		87840C1C25E9998E007D5FD5 /* Mac_Scoreboard.xcdatamodel */ = {isa = PBXFileReference; lastKnownFileType = wrapper.xcdatamodel; path = Mac_Scoreboard.xcdatamodel; sourceTree = "<group>"; };
		87840C1E25E9998E007D5FD5 /* Assets.xcassets */ = {isa = PBXFileReference; lastKnownFileType = folder.assetcatalog; name = Assets.xcassets; path = "Mac Scoreboard/Assets.xcassets"; sourceTree = SOURCE_ROOT; };
		87840C2125E9998E007D5FD5 /* Base */ = {isa = PBXFileReference; lastKnownFileType = file.storyboard; name = Base; path = Base.lproj/Main.storyboard; sourceTree = "<group>"; };
		87840C2325E9998E007D5FD5 /* Info.plist */ = {isa = PBXFileReference; lastKnownFileType = text.plist.xml; path = Info.plist; sourceTree = "<group>"; };
		87840C2425E9998E007D5FD5 /* Mac_Scoreboard.entitlements */ = {isa = PBXFileReference; lastKnownFileType = text.plist.entitlements; path = Mac_Scoreboard.entitlements; sourceTree = "<group>"; };
		87840C2925E9998E007D5FD5 /* SU Scoreboard MacTests.xctest */ = {isa = PBXFileReference; explicitFileType = wrapper.cfbundle; includeInIndex = 0; path = "SU Scoreboard MacTests.xctest"; sourceTree = BUILT_PRODUCTS_DIR; };
		87840C2D25E9998E007D5FD5 /* Mac_ScoreboardTests.swift */ = {isa = PBXFileReference; lastKnownFileType = sourcecode.swift; path = Mac_ScoreboardTests.swift; sourceTree = "<group>"; };
		87840C2F25E9998E007D5FD5 /* Info.plist */ = {isa = PBXFileReference; lastKnownFileType = text.plist.xml; path = Info.plist; sourceTree = "<group>"; };
		87840C3425E9998E007D5FD5 /* SU Scoreboard MacUITests.xctest */ = {isa = PBXFileReference; explicitFileType = wrapper.cfbundle; includeInIndex = 0; path = "SU Scoreboard MacUITests.xctest"; sourceTree = BUILT_PRODUCTS_DIR; };
		87840C3825E9998E007D5FD5 /* Mac_ScoreboardUITests.swift */ = {isa = PBXFileReference; lastKnownFileType = sourcecode.swift; path = Mac_ScoreboardUITests.swift; sourceTree = "<group>"; };
		87840C3A25E9998E007D5FD5 /* Info.plist */ = {isa = PBXFileReference; lastKnownFileType = text.plist.xml; path = Info.plist; sourceTree = "<group>"; };
		87ACEBD8260AE0EB001A88ED /* SponsorController.swift */ = {isa = PBXFileReference; lastKnownFileType = sourcecode.swift; path = SponsorController.swift; sourceTree = "<group>"; };
/* End PBXFileReference section */

/* Begin PBXFrameworksBuildPhase section */
		87840C1125E9998E007D5FD5 /* Frameworks */ = {
			isa = PBXFrameworksBuildPhase;
			buildActionMask = 2147483647;
			files = (
			);
			runOnlyForDeploymentPostprocessing = 0;
		};
		87840C2625E9998E007D5FD5 /* Frameworks */ = {
			isa = PBXFrameworksBuildPhase;
			buildActionMask = 2147483647;
			files = (
			);
			runOnlyForDeploymentPostprocessing = 0;
		};
		87840C3125E9998E007D5FD5 /* Frameworks */ = {
			isa = PBXFrameworksBuildPhase;
			buildActionMask = 2147483647;
			files = (
			);
			runOnlyForDeploymentPostprocessing = 0;
		};
/* End PBXFrameworksBuildPhase section */

/* Begin PBXGroup section */
		87840C0B25E9998E007D5FD5 = {
			isa = PBXGroup;
			children = (
				87840C1625E9998E007D5FD5 /* Mac Scoreboard */,
				87840C2C25E9998E007D5FD5 /* Mac ScoreboardTests */,
				87840C3725E9998E007D5FD5 /* Mac ScoreboardUITests */,
				87840C1525E9998E007D5FD5 /* Products */,
			);
			sourceTree = "<group>";
		};
		87840C1525E9998E007D5FD5 /* Products */ = {
			isa = PBXGroup;
			children = (
				87840C1425E9998E007D5FD5 /* SU Scoreboard Mac.app */,
				87840C2925E9998E007D5FD5 /* SU Scoreboard MacTests.xctest */,
				87840C3425E9998E007D5FD5 /* SU Scoreboard MacUITests.xctest */,
			);
			name = Products;
			sourceTree = "<group>";
		};
		87840C1625E9998E007D5FD5 /* Mac Scoreboard */ = {
			isa = PBXGroup;
			children = (
				870F2C2225E99B3900FC14C7 /* AddViewController.swift */,
				870F2C1D25E99B3900FC14C7 /* BracketController.swift */,
				870F2C1F25E99B3900FC14C7 /* Mac_Scoreboard.xcdatamodeld */,
				870F2C2125E99B3900FC14C7 /* RoundController.swift */,
				870F2C1E25E99B3900FC14C7 /* stream_files */,
				87840C1725E9998E007D5FD5 /* AppDelegate.swift */,
				87840C1E25E9998E007D5FD5 /* Assets.xcassets */,
				874A4935286D4144004576C4 /* RemoveViewController.swift */,
				870F2C3325E9A03400FC14C7 /* MainViewController.swift */,
				87840C2025E9998E007D5FD5 /* Main.storyboard */,
				87778FB52613A7E70066C9F5 /* OptionsController.swift */,
				87ACEBD8260AE0EB001A88ED /* SponsorController.swift */,
				870EA55825F72D7400B9E913 /* ImageController.swift */,
				87840C2325E9998E007D5FD5 /* Info.plist */,
				87840C2425E9998E007D5FD5 /* Mac_Scoreboard.entitlements */,
				87840C1B25E9998E007D5FD5 /* Mac_Scoreboard.xcdatamodeld */,
			);
			path = "Mac Scoreboard";
			sourceTree = "<group>";
		};
		87840C2C25E9998E007D5FD5 /* Mac ScoreboardTests */ = {
			isa = PBXGroup;
			children = (
				87840C2D25E9998E007D5FD5 /* Mac_ScoreboardTests.swift */,
				87840C2F25E9998E007D5FD5 /* Info.plist */,
			);
			path = "Mac ScoreboardTests";
			sourceTree = "<group>";
		};
		87840C3725E9998E007D5FD5 /* Mac ScoreboardUITests */ = {
			isa = PBXGroup;
			children = (
				87840C3825E9998E007D5FD5 /* Mac_ScoreboardUITests.swift */,
				87840C3A25E9998E007D5FD5 /* Info.plist */,
			);
			path = "Mac ScoreboardUITests";
			sourceTree = "<group>";
		};
/* End PBXGroup section */

/* Begin PBXNativeTarget section */
		87840C1325E9998E007D5FD5 /* SU Scoreboard Mac */ = {
			isa = PBXNativeTarget;
			buildConfigurationList = 87840C3D25E9998F007D5FD5 /* Build configuration list for PBXNativeTarget "SU Scoreboard Mac" */;
			buildPhases = (
				87840C1025E9998E007D5FD5 /* Sources */,
				87840C1125E9998E007D5FD5 /* Frameworks */,
				87840C1225E9998E007D5FD5 /* Resources */,
			);
			buildRules = (
			);
			dependencies = (
			);
			name = "SU Scoreboard Mac";
			productName = "Mac Scoreboard";
			productReference = 87840C1425E9998E007D5FD5 /* SU Scoreboard Mac.app */;
			productType = "com.apple.product-type.application";
		};
		87840C2825E9998E007D5FD5 /* SU Scoreboard MacTests */ = {
			isa = PBXNativeTarget;
			buildConfigurationList = 87840C4025E9998F007D5FD5 /* Build configuration list for PBXNativeTarget "SU Scoreboard MacTests" */;
			buildPhases = (
				87840C2525E9998E007D5FD5 /* Sources */,
				87840C2625E9998E007D5FD5 /* Frameworks */,
				87840C2725E9998E007D5FD5 /* Resources */,
			);
			buildRules = (
			);
			dependencies = (
				87840C2B25E9998E007D5FD5 /* PBXTargetDependency */,
			);
			name = "SU Scoreboard MacTests";
			productName = "Mac ScoreboardTests";
			productReference = 87840C2925E9998E007D5FD5 /* SU Scoreboard MacTests.xctest */;
			productType = "com.apple.product-type.bundle.unit-test";
		};
		87840C3325E9998E007D5FD5 /* SU Scoreboard MacUITests */ = {
			isa = PBXNativeTarget;
			buildConfigurationList = 87840C4325E9998F007D5FD5 /* Build configuration list for PBXNativeTarget "SU Scoreboard MacUITests" */;
			buildPhases = (
				87840C3025E9998E007D5FD5 /* Sources */,
				87840C3125E9998E007D5FD5 /* Frameworks */,
				87840C3225E9998E007D5FD5 /* Resources */,
			);
			buildRules = (
			);
			dependencies = (
				87840C3625E9998E007D5FD5 /* PBXTargetDependency */,
			);
			name = "SU Scoreboard MacUITests";
			productName = "Mac ScoreboardUITests";
			productReference = 87840C3425E9998E007D5FD5 /* SU Scoreboard MacUITests.xctest */;
			productType = "com.apple.product-type.bundle.ui-testing";
		};
/* End PBXNativeTarget section */

/* Begin PBXProject section */
		87840C0C25E9998E007D5FD5 /* Project object */ = {
			isa = PBXProject;
			attributes = {
				LastSwiftUpdateCheck = 1240;
				LastUpgradeCheck = 1240;
				TargetAttributes = {
					87840C1325E9998E007D5FD5 = {
						CreatedOnToolsVersion = 12.4;
					};
					87840C2825E9998E007D5FD5 = {
						CreatedOnToolsVersion = 12.4;
						TestTargetID = 87840C1325E9998E007D5FD5;
					};
					87840C3325E9998E007D5FD5 = {
						CreatedOnToolsVersion = 12.4;
						TestTargetID = 87840C1325E9998E007D5FD5;
					};
				};
			};
			buildConfigurationList = 87840C0F25E9998E007D5FD5 /* Build configuration list for PBXProject "SU Scoreboard Mac" */;
			compatibilityVersion = "Xcode 9.3";
			developmentRegion = en;
			hasScannedForEncodings = 0;
			knownRegions = (
				en,
				Base,
			);
			mainGroup = 87840C0B25E9998E007D5FD5;
			productRefGroup = 87840C1525E9998E007D5FD5 /* Products */;
			projectDirPath = "";
			projectRoot = "";
			targets = (
				87840C1325E9998E007D5FD5 /* SU Scoreboard Mac */,
				87840C2825E9998E007D5FD5 /* SU Scoreboard MacTests */,
				87840C3325E9998E007D5FD5 /* SU Scoreboard MacUITests */,
			);
		};
/* End PBXProject section */

/* Begin PBXResourcesBuildPhase section */
		87840C1225E9998E007D5FD5 /* Resources */ = {
			isa = PBXResourcesBuildPhase;
			buildActionMask = 2147483647;
			files = (
				870F2C2525E99B3900FC14C7 /* stream_files in Resources */,
				87840C1F25E9998E007D5FD5 /* Assets.xcassets in Resources */,
				87840C2225E9998E007D5FD5 /* Main.storyboard in Resources */,
			);
			runOnlyForDeploymentPostprocessing = 0;
		};
		87840C2725E9998E007D5FD5 /* Resources */ = {
			isa = PBXResourcesBuildPhase;
			buildActionMask = 2147483647;
			files = (
			);
			runOnlyForDeploymentPostprocessing = 0;
		};
		87840C3225E9998E007D5FD5 /* Resources */ = {
			isa = PBXResourcesBuildPhase;
			buildActionMask = 2147483647;
			files = (
			);
			runOnlyForDeploymentPostprocessing = 0;
		};
/* End PBXResourcesBuildPhase section */

/* Begin PBXSourcesBuildPhase section */
		87840C1025E9998E007D5FD5 /* Sources */ = {
			isa = PBXSourcesBuildPhase;
			buildActionMask = 2147483647;
			files = (
				87840C1825E9998E007D5FD5 /* AppDelegate.swift in Sources */,
				870F2C2825E99B3900FC14C7 /* AddViewController.swift in Sources */,
				87778FB62613A7E70066C9F5 /* OptionsController.swift in Sources */,
				874A4936286D43CE004576C4 /* RemoveViewController.swift in Sources */,
				870F2C2425E99B3900FC14C7 /* BracketController.swift in Sources */,
				87840C1D25E9998E007D5FD5 /* Mac_Scoreboard.xcdatamodeld in Sources */,
				870EA55925F72D7400B9E913 /* ImageController.swift in Sources */,
				87ACEBD9260AE0EB001A88ED /* SponsorController.swift in Sources */,
				870F2C2725E99B3900FC14C7 /* RoundController.swift in Sources */,
				870F2C2625E99B3900FC14C7 /* Mac_Scoreboard.xcdatamodeld in Sources */,
				870F2C3425E9A03400FC14C7 /* MainViewController.swift in Sources */,
			);
			runOnlyForDeploymentPostprocessing = 0;
		};
		87840C2525E9998E007D5FD5 /* Sources */ = {
			isa = PBXSourcesBuildPhase;
			buildActionMask = 2147483647;
			files = (
				87840C2E25E9998E007D5FD5 /* Mac_ScoreboardTests.swift in Sources */,
			);
			runOnlyForDeploymentPostprocessing = 0;
		};
		87840C3025E9998E007D5FD5 /* Sources */ = {
			isa = PBXSourcesBuildPhase;
			buildActionMask = 2147483647;
			files = (
				87840C3925E9998E007D5FD5 /* Mac_ScoreboardUITests.swift in Sources */,
			);
			runOnlyForDeploymentPostprocessing = 0;
		};
/* End PBXSourcesBuildPhase section */

/* Begin PBXTargetDependency section */
		87840C2B25E9998E007D5FD5 /* PBXTargetDependency */ = {
			isa = PBXTargetDependency;
			target = 87840C1325E9998E007D5FD5 /* SU Scoreboard Mac */;
			targetProxy = 87840C2A25E9998E007D5FD5 /* PBXContainerItemProxy */;
		};
		87840C3625E9998E007D5FD5 /* PBXTargetDependency */ = {
			isa = PBXTargetDependency;
			target = 87840C1325E9998E007D5FD5 /* SU Scoreboard Mac */;
			targetProxy = 87840C3525E9998E007D5FD5 /* PBXContainerItemProxy */;
		};
/* End PBXTargetDependency section */

/* Begin PBXVariantGroup section */
		87840C2025E9998E007D5FD5 /* Main.storyboard */ = {
			isa = PBXVariantGroup;
			children = (
				87840C2125E9998E007D5FD5 /* Base */,
			);
			name = Main.storyboard;
			sourceTree = "<group>";
		};
/* End PBXVariantGroup section */

/* Begin XCBuildConfiguration section */
		87840C3B25E9998F007D5FD5 /* Debug */ = {
			isa = XCBuildConfiguration;
			buildSettings = {
				ALWAYS_SEARCH_USER_PATHS = NO;
				CLANG_ANALYZER_NONNULL = YES;
				CLANG_ANALYZER_NUMBER_OBJECT_CONVERSION = YES_AGGRESSIVE;
				CLANG_CXX_LANGUAGE_STANDARD = "gnu++14";
				CLANG_CXX_LIBRARY = "libc++";
				CLANG_ENABLE_MODULES = YES;
				CLANG_ENABLE_OBJC_ARC = YES;
				CLANG_ENABLE_OBJC_WEAK = YES;
				CLANG_WARN_BLOCK_CAPTURE_AUTORELEASING = YES;
				CLANG_WARN_BOOL_CONVERSION = YES;
				CLANG_WARN_COMMA = YES;
				CLANG_WARN_CONSTANT_CONVERSION = YES;
				CLANG_WARN_DEPRECATED_OBJC_IMPLEMENTATIONS = YES;
				CLANG_WARN_DIRECT_OBJC_ISA_USAGE = YES_ERROR;
				CLANG_WARN_DOCUMENTATION_COMMENTS = YES;
				CLANG_WARN_EMPTY_BODY = YES;
				CLANG_WARN_ENUM_CONVERSION = YES;
				CLANG_WARN_INFINITE_RECURSION = YES;
				CLANG_WARN_INT_CONVERSION = YES;
				CLANG_WARN_NON_LITERAL_NULL_CONVERSION = YES;
				CLANG_WARN_OBJC_IMPLICIT_RETAIN_SELF = YES;
				CLANG_WARN_OBJC_LITERAL_CONVERSION = YES;
				CLANG_WARN_OBJC_ROOT_CLASS = YES_ERROR;
				CLANG_WARN_QUOTED_INCLUDE_IN_FRAMEWORK_HEADER = YES;
				CLANG_WARN_RANGE_LOOP_ANALYSIS = YES;
				CLANG_WARN_STRICT_PROTOTYPES = YES;
				CLANG_WARN_SUSPICIOUS_MOVE = YES;
				CLANG_WARN_UNGUARDED_AVAILABILITY = YES_AGGRESSIVE;
				CLANG_WARN_UNREACHABLE_CODE = YES;
				CLANG_WARN__DUPLICATE_METHOD_MATCH = YES;
				COPY_PHASE_STRIP = NO;
				DEBUG_INFORMATION_FORMAT = dwarf;
				ENABLE_STRICT_OBJC_MSGSEND = YES;
				ENABLE_TESTABILITY = YES;
				GCC_C_LANGUAGE_STANDARD = gnu11;
				GCC_DYNAMIC_NO_PIC = NO;
				GCC_NO_COMMON_BLOCKS = YES;
				GCC_OPTIMIZATION_LEVEL = 0;
				GCC_PREPROCESSOR_DEFINITIONS = (
					"DEBUG=1",
					"$(inherited)",
				);
				GCC_WARN_64_TO_32_BIT_CONVERSION = YES;
				GCC_WARN_ABOUT_RETURN_TYPE = YES_ERROR;
				GCC_WARN_UNDECLARED_SELECTOR = YES;
				GCC_WARN_UNINITIALIZED_AUTOS = YES_AGGRESSIVE;
				GCC_WARN_UNUSED_FUNCTION = YES;
				GCC_WARN_UNUSED_VARIABLE = YES;
				MACOSX_DEPLOYMENT_TARGET = 11.1;
				MTL_ENABLE_DEBUG_INFO = INCLUDE_SOURCE;
				MTL_FAST_MATH = YES;
				ONLY_ACTIVE_ARCH = YES;
				SDKROOT = macosx;
				SWIFT_ACTIVE_COMPILATION_CONDITIONS = DEBUG;
				SWIFT_OPTIMIZATION_LEVEL = "-Onone";
			};
			name = Debug;
		};
		87840C3C25E9998F007D5FD5 /* Release */ = {
			isa = XCBuildConfiguration;
			buildSettings = {
				ALWAYS_SEARCH_USER_PATHS = NO;
				CLANG_ANALYZER_NONNULL = YES;
				CLANG_ANALYZER_NUMBER_OBJECT_CONVERSION = YES_AGGRESSIVE;
				CLANG_CXX_LANGUAGE_STANDARD = "gnu++14";
				CLANG_CXX_LIBRARY = "libc++";
				CLANG_ENABLE_MODULES = YES;
				CLANG_ENABLE_OBJC_ARC = YES;
				CLANG_ENABLE_OBJC_WEAK = YES;
				CLANG_WARN_BLOCK_CAPTURE_AUTORELEASING = YES;
				CLANG_WARN_BOOL_CONVERSION = YES;
				CLANG_WARN_COMMA = YES;
				CLANG_WARN_CONSTANT_CONVERSION = YES;
				CLANG_WARN_DEPRECATED_OBJC_IMPLEMENTATIONS = YES;
				CLANG_WARN_DIRECT_OBJC_ISA_USAGE = YES_ERROR;
				CLANG_WARN_DOCUMENTATION_COMMENTS = YES;
				CLANG_WARN_EMPTY_BODY = YES;
				CLANG_WARN_ENUM_CONVERSION = YES;
				CLANG_WARN_INFINITE_RECURSION = YES;
				CLANG_WARN_INT_CONVERSION = YES;
				CLANG_WARN_NON_LITERAL_NULL_CONVERSION = YES;
				CLANG_WARN_OBJC_IMPLICIT_RETAIN_SELF = YES;
				CLANG_WARN_OBJC_LITERAL_CONVERSION = YES;
				CLANG_WARN_OBJC_ROOT_CLASS = YES_ERROR;
				CLANG_WARN_QUOTED_INCLUDE_IN_FRAMEWORK_HEADER = YES;
				CLANG_WARN_RANGE_LOOP_ANALYSIS = YES;
				CLANG_WARN_STRICT_PROTOTYPES = YES;
				CLANG_WARN_SUSPICIOUS_MOVE = YES;
				CLANG_WARN_UNGUARDED_AVAILABILITY = YES_AGGRESSIVE;
				CLANG_WARN_UNREACHABLE_CODE = YES;
				CLANG_WARN__DUPLICATE_METHOD_MATCH = YES;
				COPY_PHASE_STRIP = NO;
				DEBUG_INFORMATION_FORMAT = "dwarf-with-dsym";
				ENABLE_NS_ASSERTIONS = NO;
				ENABLE_STRICT_OBJC_MSGSEND = YES;
				GCC_C_LANGUAGE_STANDARD = gnu11;
				GCC_NO_COMMON_BLOCKS = YES;
				GCC_WARN_64_TO_32_BIT_CONVERSION = YES;
				GCC_WARN_ABOUT_RETURN_TYPE = YES_ERROR;
				GCC_WARN_UNDECLARED_SELECTOR = YES;
				GCC_WARN_UNINITIALIZED_AUTOS = YES_AGGRESSIVE;
				GCC_WARN_UNUSED_FUNCTION = YES;
				GCC_WARN_UNUSED_VARIABLE = YES;
				MACOSX_DEPLOYMENT_TARGET = 11.1;
				MTL_ENABLE_DEBUG_INFO = NO;
				MTL_FAST_MATH = YES;
				SDKROOT = macosx;
				SWIFT_COMPILATION_MODE = wholemodule;
				SWIFT_OPTIMIZATION_LEVEL = "-O";
			};
			name = Release;
		};
		87840C3E25E9998F007D5FD5 /* Debug */ = {
			isa = XCBuildConfiguration;
			buildSettings = {
				ASSETCATALOG_COMPILER_APPICON_NAME = AppIcon;
				ASSETCATALOG_COMPILER_GLOBAL_ACCENT_COLOR_NAME = AccentColor;
				CODE_SIGN_ENTITLEMENTS = "Mac Scoreboard/Mac_Scoreboard.entitlements";
				CODE_SIGN_IDENTITY = "Apple Development";
				CODE_SIGN_STYLE = Automatic;
				COMBINE_HIDPI_IMAGES = YES;
				DEVELOPMENT_TEAM = 45RMQJ8TMB;
				ENABLE_HARDENED_RUNTIME = YES;
				INFOPLIST_FILE = "Mac Scoreboard/Info.plist";
				LD_RUNPATH_SEARCH_PATHS = (
					"$(inherited)",
					"@executable_path/../Frameworks",
				);
				MACOSX_DEPLOYMENT_TARGET = 10.15;
				PRODUCT_BUNDLE_IDENTIFIER = "com.matthewconover.Mac-Scoreboard";
				PRODUCT_NAME = "$(TARGET_NAME)";
				SWIFT_VERSION = 5.0;
			};
			name = Debug;
		};
		87840C3F25E9998F007D5FD5 /* Release */ = {
			isa = XCBuildConfiguration;
			buildSettings = {
				ASSETCATALOG_COMPILER_APPICON_NAME = AppIcon;
				ASSETCATALOG_COMPILER_GLOBAL_ACCENT_COLOR_NAME = AccentColor;
				CODE_SIGN_ENTITLEMENTS = "Mac Scoreboard/Mac_Scoreboard.entitlements";
				CODE_SIGN_IDENTITY = "Apple Development";
				CODE_SIGN_STYLE = Automatic;
				COMBINE_HIDPI_IMAGES = YES;
				DEVELOPMENT_TEAM = 45RMQJ8TMB;
				ENABLE_HARDENED_RUNTIME = YES;
				INFOPLIST_FILE = "Mac Scoreboard/Info.plist";
				LD_RUNPATH_SEARCH_PATHS = (
					"$(inherited)",
					"@executable_path/../Frameworks",
				);
				MACOSX_DEPLOYMENT_TARGET = 10.15;
				PRODUCT_BUNDLE_IDENTIFIER = "com.matthewconover.Mac-Scoreboard";
				PRODUCT_NAME = "$(TARGET_NAME)";
				SWIFT_VERSION = 5.0;
			};
			name = Release;
		};
		87840C4125E9998F007D5FD5 /* Debug */ = {
			isa = XCBuildConfiguration;
			buildSettings = {
				ALWAYS_EMBED_SWIFT_STANDARD_LIBRARIES = YES;
				BUNDLE_LOADER = "$(TEST_HOST)";
				CODE_SIGN_STYLE = Automatic;
				COMBINE_HIDPI_IMAGES = YES;
				DEVELOPMENT_TEAM = 45RMQJ8TMB;
				INFOPLIST_FILE = "Mac ScoreboardTests/Info.plist";
				LD_RUNPATH_SEARCH_PATHS = (
					"$(inherited)",
					"@executable_path/../Frameworks",
					"@loader_path/../Frameworks",
				);
				MACOSX_DEPLOYMENT_TARGET = 10.15;
				PRODUCT_BUNDLE_IDENTIFIER = "com.matthewconover.Mac-ScoreboardTests";
				PRODUCT_NAME = "$(TARGET_NAME)";
				SWIFT_VERSION = 5.0;
				TEST_HOST = "$(BUILT_PRODUCTS_DIR)/SU Scoreboard Mac.app/Contents/MacOS/SU Scoreboard Mac";
			};
			name = Debug;
		};
		87840C4225E9998F007D5FD5 /* Release */ = {
			isa = XCBuildConfiguration;
			buildSettings = {
				ALWAYS_EMBED_SWIFT_STANDARD_LIBRARIES = YES;
				BUNDLE_LOADER = "$(TEST_HOST)";
				CODE_SIGN_STYLE = Automatic;
				COMBINE_HIDPI_IMAGES = YES;
				DEVELOPMENT_TEAM = 45RMQJ8TMB;
				INFOPLIST_FILE = "Mac ScoreboardTests/Info.plist";
				LD_RUNPATH_SEARCH_PATHS = (
					"$(inherited)",
					"@executable_path/../Frameworks",
					"@loader_path/../Frameworks",
				);
				MACOSX_DEPLOYMENT_TARGET = 10.15;
				PRODUCT_BUNDLE_IDENTIFIER = "com.matthewconover.Mac-ScoreboardTests";
				PRODUCT_NAME = "$(TARGET_NAME)";
				SWIFT_VERSION = 5.0;
				TEST_HOST = "$(BUILT_PRODUCTS_DIR)/SU Scoreboard Mac.app/Contents/MacOS/SU Scoreboard Mac";
			};
			name = Release;
		};
		87840C4425E9998F007D5FD5 /* Debug */ = {
			isa = XCBuildConfiguration;
			buildSettings = {
				ALWAYS_EMBED_SWIFT_STANDARD_LIBRARIES = YES;
				CODE_SIGN_STYLE = Automatic;
				COMBINE_HIDPI_IMAGES = YES;
				DEVELOPMENT_TEAM = 45RMQJ8TMB;
				INFOPLIST_FILE = "Mac ScoreboardUITests/Info.plist";
				LD_RUNPATH_SEARCH_PATHS = (
					"$(inherited)",
					"@executable_path/../Frameworks",
					"@loader_path/../Frameworks",
				);
				PRODUCT_BUNDLE_IDENTIFIER = "com.matthewconover.Mac-ScoreboardUITests";
				PRODUCT_NAME = "$(TARGET_NAME)";
				SWIFT_VERSION = 5.0;
				TEST_TARGET_NAME = "Mac Scoreboard";
			};
			name = Debug;
		};
		87840C4525E9998F007D5FD5 /* Release */ = {
			isa = XCBuildConfiguration;
			buildSettings = {
				ALWAYS_EMBED_SWIFT_STANDARD_LIBRARIES = YES;
				CODE_SIGN_STYLE = Automatic;
				COMBINE_HIDPI_IMAGES = YES;
				DEVELOPMENT_TEAM = 45RMQJ8TMB;
				INFOPLIST_FILE = "Mac ScoreboardUITests/Info.plist";
				LD_RUNPATH_SEARCH_PATHS = (
					"$(inherited)",
					"@executable_path/../Frameworks",
					"@loader_path/../Frameworks",
				);
				PRODUCT_BUNDLE_IDENTIFIER = "com.matthewconover.Mac-ScoreboardUITests";
				PRODUCT_NAME = "$(TARGET_NAME)";
				SWIFT_VERSION = 5.0;
				TEST_TARGET_NAME = "Mac Scoreboard";
			};
			name = Release;
		};
/* End XCBuildConfiguration section */

/* Begin XCConfigurationList section */
		87840C0F25E9998E007D5FD5 /* Build configuration list for PBXProject "SU Scoreboard Mac" */ = {
			isa = XCConfigurationList;
			buildConfigurations = (
				87840C3B25E9998F007D5FD5 /* Debug */,
				87840C3C25E9998F007D5FD5 /* Release */,
			);
			defaultConfigurationIsVisible = 0;
			defaultConfigurationName = Release;
		};
		87840C3D25E9998F007D5FD5 /* Build configuration list for PBXNativeTarget "SU Scoreboard Mac" */ = {
			isa = XCConfigurationList;
			buildConfigurations = (
				87840C3E25E9998F007D5FD5 /* Debug */,
				87840C3F25E9998F007D5FD5 /* Release */,
			);
			defaultConfigurationIsVisible = 0;
			defaultConfigurationName = Release;
		};
		87840C4025E9998F007D5FD5 /* Build configuration list for PBXNativeTarget "SU Scoreboard MacTests" */ = {
			isa = XCConfigurationList;
			buildConfigurations = (
				87840C4125E9998F007D5FD5 /* Debug */,
				87840C4225E9998F007D5FD5 /* Release */,
			);
			defaultConfigurationIsVisible = 0;
			defaultConfigurationName = Release;
		};
		87840C4325E9998F007D5FD5 /* Build configuration list for PBXNativeTarget "SU Scoreboard MacUITests" */ = {
			isa = XCConfigurationList;
			buildConfigurations = (
				87840C4425E9998F007D5FD5 /* Debug */,
				87840C4525E9998F007D5FD5 /* Release */,
			);
			defaultConfigurationIsVisible = 0;
			defaultConfigurationName = Release;
		};
/* End XCConfigurationList section */

/* Begin XCVersionGroup section */
		870F2C1F25E99B3900FC14C7 /* Mac_Scoreboard.xcdatamodeld */ = {
			isa = XCVersionGroup;
			children = (
				870F2C2025E99B3900FC14C7 /* model.xcdatamodel */,
			);
			currentVersion = 870F2C2025E99B3900FC14C7 /* model.xcdatamodel */;
			path = Mac_Scoreboard.xcdatamodeld;
			sourceTree = "<group>";
			versionGroupType = wrapper.xcdatamodel;
		};
		87840C1B25E9998E007D5FD5 /* Mac_Scoreboard.xcdatamodeld */ = {
			isa = XCVersionGroup;
			children = (
				87840C1C25E9998E007D5FD5 /* Mac_Scoreboard.xcdatamodel */,
			);
			currentVersion = 87840C1C25E9998E007D5FD5 /* Mac_Scoreboard.xcdatamodel */;
			path = Mac_Scoreboard.xcdatamodeld;
			sourceTree = "<group>";
			versionGroupType = wrapper.xcdatamodel;
		};
/* End XCVersionGroup section */
	};
	rootObject = 87840C0C25E9998E007D5FD5 /* Project object */;
}
